<?xml version="1.0" encoding="utf-8"?>
<Project ToolsVersion="4.0" xmlns="http://schemas.microsoft.com/developer/msbuild/2003">
  <ItemGroup>
    <Filter Include="Headers">
      <UniqueIdentifier>{93995380-89BD-4b04-88EB-625FBE52EBFB}</UniqueIdentifier>
      <Extensions>h;hh;hpp;hxx;hm;inl;inc;xsd</Extensions>
    </Filter>
    <Filter Include="Sources">
      <UniqueIdentifier>{4FC737F1-C7A5-4376-A066-2A32D752A2FF}</UniqueIdentifier>
      <Extensions>cpp;c;cc;cxx;def;odl;idl;hpj;bat;asm;asmx</Extensions>
    </Filter>
    <Filter Include="Headers\QEF solvers">
      <UniqueIdentifier>{b45be76c-e5b4-4638-b5c4-f11051f7ce95}</UniqueIdentifier>
    </Filter>
    <Filter Include="Headers\SDF functions">
      <UniqueIdentifier>{026a9c43-4e50-48fa-b1ea-b34a3d568927}</UniqueIdentifier>
    </Filter>
    <Filter Include="Sources\QEF solvers">
      <UniqueIdentifier>{b8a12399-5b14-4937-9473-df07aa28f9ab}</UniqueIdentifier>
    </Filter>
    <Filter Include="Sources\SDF functions">
      <UniqueIdentifier>{83a4af04-cfe3-40a1-abe2-67f0bd85e6d6}</UniqueIdentifier>
    </Filter>
  </ItemGroup>
  <ItemGroup>
    <ClInclude Include="..\..\src\isomesh\isomesh.hpp">
      <Filter>Headers</Filter>
    </ClInclude>
    <ClInclude Include="..\..\src\isomesh\sdf\sdf.hpp">
      <Filter>Headers\SDF functions</Filter>
    </ClInclude>
    <ClInclude Include="..\..\src\isomesh\qef\qef_solver.hpp">
      <Filter>Headers\QEF solvers</Filter>
    </ClInclude>
    <ClInclude Include="..\..\src\isomesh\pch.hpp">
      <Filter>Headers</Filter>
    </ClInclude>
    <ClInclude Include="..\..\src\isomesh\sdf\simple_functions.hpp">
      <Filter>Headers\SDF functions</Filter>
    </ClInclude>
    <ClInclude Include="..\..\src\isomesh\sdf\boolean_operations.hpp">
      <Filter>Headers\SDF functions</Filter>
    </ClInclude>
    <ClInclude Include="..\..\src\isomesh\sdf\domain_transforms.hpp">
      <Filter>Headers\SDF functions</Filter>
    </ClInclude>
  </ItemGroup>
  <ItemGroup>
    <ClCompile Include="..\..\src\isomesh\pch.cpp">
      <Filter>Sources</Filter>
    </ClCompile>
    <ClCompile Include="..\..\src\isomesh\sdf\simple_functions.cpp">
      <Filter>Sources\SDF functions</Filter>
    </ClCompile>
    <ClCompile Include="..\..\src\isomesh\sdf\sdf.cpp">
      <Filter>Sources\SDF functions</Filter>
    </ClCompile>
    <ClCompile Include="..\..\src\isomesh\sdf\boolean_operations.cpp">
      <Filter>Sources\SDF functions</Filter>
    </ClCompile>
    <ClCompile Include="..\..\src\isomesh\sdf\domain_transforms.cpp">
      <Filter>Sources\SDF functions</Filter>
    </ClCompile>
  </ItemGroup>
</Project>